{
  "version": 4,
  "terraform_version": "1.1.4",
  "serial": 964,
  "lineage": "c5af04f0-910c-4067-a0a4-2d840cf6e152",
  "outputs": {},
  "resources": [
    {
      "module": "module.tgw",
      "mode": "managed",
      "type": "aws_ec2_transit_gateway",
      "name": "this",
      "provider": "provider[\"registry.terraform.io/hashicorp/aws\"]",
      "instances": [
        {
          "index_key": 0,
          "schema_version": 0,
          "attributes": {
            "amazon_side_asn": 64512,
            "arn": "arn:aws:ec2:us-west-2:716630234779:transit-gateway/tgw-063ef857c52dd5537",
            "association_default_route_table_id": "",
            "auto_accept_shared_attachments": "enable",
            "default_route_table_association": "disable",
            "default_route_table_propagation": "disable",
            "description": "test tgw",
            "dns_support": "enable",
            "id": "tgw-063ef857c52dd5537",
            "owner_id": "716630234779",
            "propagation_default_route_table_id": "",
            "tags": {
              "Name": "tgw"
            },
            "tags_all": {
              "Name": "tgw"
            },
            "vpn_ecmp_support": "enable"
          },
          "sensitive_attributes": [],
          "private": "bnVsbA=="
        }
      ]
    }
  ]
}
